
Microsoft Visual Studio Solution File, Format Version 12.00
# Visual Studio Version 17
VisualStudioVersion = 17.12.35514.174 d17.12
MinimumVisualStudioVersion = 10.0.40219.1
Project("{FAE04EC0-301F-11D3-BF4B-00C04F79EFBC}") = "OrderManager", "OrderManager\OrderManager.csproj", "{B0658651-BCB6-4857-9118-CBC1FA69D46C}"
EndProject
Global
	GlobalSection(SolutionConfigurationPlatforms) = preSolution
		Debug|Any CPU = Debug|Any CPU
		Release|Any CPU = Release|Any CPU
	EndGlobalSection
	GlobalSection(ProjectConfigurationPlatforms) = postSolution
		{B0658651-BCB6-4857-9118-CBC1FA69D46C}.Debug|Any CPU.ActiveCfg = Debug|Any CPU
		{B0658651-BCB6-4857-9118-CBC1FA69D46C}.Debug|Any CPU.Build.0 = Debug|Any CPU
		{B0658651-BCB6-4857-9118-CBC1FA69D46C}.Release|Any CPU.ActiveCfg = Release|Any CPU
		{B0658651-BCB6-4857-9118-CBC1FA69D46C}.Release|Any CPU.Build.0 = Release|Any CPU
	EndGlobalSection
	GlobalSection(SolutionProperties) = preSolution
		HideSolutionNode = FALSE
	EndGlobalSection
EndGlobal
