Microsoft Visual Studio Solution File, Format Version 12.00
# Visual Studio Version 17
VisualStudioVersion = 17.13.35931.197
MinimumVisualStudioVersion = 10.0.40219.1
Project("{FAE04EC0-301F-11D3-BF4B-00C04F79EFBC}") = "TravelEzeeManagement", "TravelEzeeManagement\TravelEzeeManagement.csproj", "{4C392853-5503-4B16-80C9-8595D46776E1}"
EndProject
Global
	GlobalSection(SolutionConfigurationPlatforms) = preSolution
		Debug|Any CPU = Debug|Any CPU
		Release|Any CPU = Release|Any CPU
	EndGlobalSection
	GlobalSection(ProjectConfigurationPlatforms) = postSolution
		{4C392853-5503-4B16-80C9-8595D46776E1}.Debug|Any CPU.ActiveCfg = Debug|Any CPU
		{4C392853-5503-4B16-80C9-8595D46776E1}.Debug|Any CPU.Build.0 = Debug|Any CPU
		{4C392853-5503-4B16-80C9-8595D46776E1}.Release|Any CPU.ActiveCfg = Release|Any CPU
		{4C392853-5503-4B16-80C9-8595D46776E1}.Release|Any CPU.Build.0 = Release|Any CPU
	EndGlobalSection
	GlobalSection(SolutionProperties) = preSolution
		HideSolutionNode = FALSE
	EndGlobalSection
	GlobalSection(ExtensibilityGlobals) = postSolution
		SolutionGuid = {B16EDBCD-D39B-4CA5-8960-AD0811C73618}
	EndGlobalSection
EndGlobal
