
Microsoft Visual Studio Solution File, Format Version 12.00
# Visual Studio Version 17
VisualStudioVersion = 17.13.35931.197 d17.13
MinimumVisualStudioVersion = 10.0.40219.1
Project("{FAE04EC0-301F-11D3-BF4B-00C04F79EFBC}") = "Outstanding", "Outstanding\Outstanding.csproj", "{7390CBFA-4C08-4349-9344-02A874DFFAC4}"
EndProject
Global
	GlobalSection(SolutionConfigurationPlatforms) = preSolution
		Debug|Any CPU = Debug|Any CPU
		Release|Any CPU = Release|Any CPU
	EndGlobalSection
	GlobalSection(ProjectConfigurationPlatforms) = postSolution
		{7390CBFA-4C08-4349-9344-02A874DFFAC4}.Debug|Any CPU.ActiveCfg = Debug|Any CPU
		{7390CBFA-4C08-4349-9344-02A874DFFAC4}.Debug|Any CPU.Build.0 = Debug|Any CPU
		{7390CBFA-4C08-4349-9344-02A874DFFAC4}.Release|Any CPU.ActiveCfg = Release|Any CPU
		{7390CBFA-4C08-4349-9344-02A874DFFAC4}.Release|Any CPU.Build.0 = Release|Any CPU
	EndGlobalSection
	GlobalSection(SolutionProperties) = preSolution
		HideSolutionNode = FALSE
	EndGlobalSection
	GlobalSection(ExtensibilityGlobals) = postSolution
		SolutionGuid = {DDEF1DE2-490D-4243-A2A9-D396BFFFF2AB}
	EndGlobalSection
EndGlobal
