
Microsoft Visual Studio Solution File, Format Version 12.00
# Visual Studio Version 17
VisualStudioVersion = 17.13.35931.197 d17.13
MinimumVisualStudioVersion = 10.0.40219.1
Project("{FAE04EC0-301F-11D3-BF4B-00C04F79EFBC}") = "Outstanding", "Outstanding\Outstanding.csproj", "{5F814020-AB93-4BC0-A37F-07262A7D7A39}"
EndProject
Global
	GlobalSection(SolutionConfigurationPlatforms) = preSolution
		Debug|Any CPU = Debug|Any CPU
		Release|Any CPU = Release|Any CPU
	EndGlobalSection
	GlobalSection(ProjectConfigurationPlatforms) = postSolution
		{5F814020-AB93-4BC0-A37F-07262A7D7A39}.Debug|Any CPU.ActiveCfg = Debug|Any CPU
		{5F814020-AB93-4BC0-A37F-07262A7D7A39}.Debug|Any CPU.Build.0 = Debug|Any CPU
		{5F814020-AB93-4BC0-A37F-07262A7D7A39}.Release|Any CPU.ActiveCfg = Release|Any CPU
		{5F814020-AB93-4BC0-A37F-07262A7D7A39}.Release|Any CPU.Build.0 = Release|Any CPU
	EndGlobalSection
	GlobalSection(SolutionProperties) = preSolution
		HideSolutionNode = FALSE
	EndGlobalSection
	GlobalSection(ExtensibilityGlobals) = postSolution
		SolutionGuid = {B0F313E5-6CA6-406C-8F75-EA3D64DE4686}
	EndGlobalSection
EndGlobal
