
Microsoft Visual Studio Solution File, Format Version 12.00
# Visual Studio Version 17
VisualStudioVersion = 17.13.35931.197 d17.13
MinimumVisualStudioVersion = 10.0.40219.1
Project("{FAE04EC0-301F-11D3-BF4B-00C04F79EFBC}") = "TaskManager", "TaskManager\TaskManager.csproj", "{F5186B6A-7460-4191-B779-71CFF48D5D1B}"
EndProject
Global
	GlobalSection(SolutionConfigurationPlatforms) = preSolution
		Debug|Any CPU = Debug|Any CPU
		Release|Any CPU = Release|Any CPU
	EndGlobalSection
	GlobalSection(ProjectConfigurationPlatforms) = postSolution
		{F5186B6A-7460-4191-B779-71CFF48D5D1B}.Debug|Any CPU.ActiveCfg = Debug|Any CPU
		{F5186B6A-7460-4191-B779-71CFF48D5D1B}.Debug|Any CPU.Build.0 = Debug|Any CPU
		{F5186B6A-7460-4191-B779-71CFF48D5D1B}.Release|Any CPU.ActiveCfg = Release|Any CPU
		{F5186B6A-7460-4191-B779-71CFF48D5D1B}.Release|Any CPU.Build.0 = Release|Any CPU
	EndGlobalSection
	GlobalSection(SolutionProperties) = preSolution
		HideSolutionNode = FALSE
	EndGlobalSection
	GlobalSection(ExtensibilityGlobals) = postSolution
		SolutionGuid = {620C8C71-E080-42FB-9301-FA75EF4AC4D2}
	EndGlobalSection
EndGlobal
