
Microsoft Visual Studio Solution File, Format Version 12.00
# Visual Studio Version 17
VisualStudioVersion = 17.13.35931.197 d17.13
MinimumVisualStudioVersion = 10.0.40219.1
Project("{FAE04EC0-301F-11D3-BF4B-00C04F79EFBC}") = "FoodDeliveryWinApp", "FoodDeliveryWinApp\FoodDeliveryWinApp.csproj", "{A7042CA7-6F3C-4E79-9055-0515242C1421}"
EndProject
Global
	GlobalSection(SolutionConfigurationPlatforms) = preSolution
		Debug|Any CPU = Debug|Any CPU
		Release|Any CPU = Release|Any CPU
	EndGlobalSection
	GlobalSection(ProjectConfigurationPlatforms) = postSolution
		{A7042CA7-6F3C-4E79-9055-0515242C1421}.Debug|Any CPU.ActiveCfg = Debug|Any CPU
		{A7042CA7-6F3C-4E79-9055-0515242C1421}.Debug|Any CPU.Build.0 = Debug|Any CPU
		{A7042CA7-6F3C-4E79-9055-0515242C1421}.Release|Any CPU.ActiveCfg = Release|Any CPU
		{A7042CA7-6F3C-4E79-9055-0515242C1421}.Release|Any CPU.Build.0 = Release|Any CPU
	EndGlobalSection
	GlobalSection(SolutionProperties) = preSolution
		HideSolutionNode = FALSE
	EndGlobalSection
	GlobalSection(ExtensibilityGlobals) = postSolution
		SolutionGuid = {2C779A3D-F06D-464D-8B4A-27801F84CB09}
	EndGlobalSection
EndGlobal
