
Microsoft Visual Studio Solution File, Format Version 12.00
# Visual Studio Version 17
VisualStudioVersion = 17.13.35931.197 d17.13
MinimumVisualStudioVersion = 10.0.40219.1
Project("{FAE04EC0-301F-11D3-BF4B-00C04F79EFBC}") = "FoodDelApp", "FoodDelApp\FoodDelApp.csproj", "{0DBAE8EF-599A-47A9-9336-BD4FF8595C68}"
EndProject
Global
	GlobalSection(SolutionConfigurationPlatforms) = preSolution
		Debug|Any CPU = Debug|Any CPU
		Release|Any CPU = Release|Any CPU
	EndGlobalSection
	GlobalSection(ProjectConfigurationPlatforms) = postSolution
		{0DBAE8EF-599A-47A9-9336-BD4FF8595C68}.Debug|Any CPU.ActiveCfg = Debug|Any CPU
		{0DBAE8EF-599A-47A9-9336-BD4FF8595C68}.Debug|Any CPU.Build.0 = Debug|Any CPU
		{0DBAE8EF-599A-47A9-9336-BD4FF8595C68}.Release|Any CPU.ActiveCfg = Release|Any CPU
		{0DBAE8EF-599A-47A9-9336-BD4FF8595C68}.Release|Any CPU.Build.0 = Release|Any CPU
	EndGlobalSection
	GlobalSection(SolutionProperties) = preSolution
		HideSolutionNode = FALSE
	EndGlobalSection
	GlobalSection(ExtensibilityGlobals) = postSolution
		SolutionGuid = {729CE393-8293-4178-B89A-ACB1ACE211F3}
	EndGlobalSection
EndGlobal
