
Microsoft Visual Studio Solution File, Format Version 12.00
# Visual Studio Version 17
VisualStudioVersion = 17.10.35122.118
MinimumVisualStudioVersion = 10.0.40219.1
Project("{FAE04EC0-301F-11D3-BF4B-00C04F79EFBC}") = "TaskManagerPMTool", "TaskManagerPMTool\TaskManagerPMTool.csproj", "{B56A2E24-D95D-4125-83F4-C4D2E197A7F9}"
EndProject
Global
	GlobalSection(SolutionConfigurationPlatforms) = preSolution
		Debug|Any CPU = Debug|Any CPU
		Release|Any CPU = Release|Any CPU
	EndGlobalSection
	GlobalSection(ProjectConfigurationPlatforms) = postSolution
		{B56A2E24-D95D-4125-83F4-C4D2E197A7F9}.Debug|Any CPU.ActiveCfg = Debug|Any CPU
		{B56A2E24-D95D-4125-83F4-C4D2E197A7F9}.Debug|Any CPU.Build.0 = Debug|Any CPU
		{B56A2E24-D95D-4125-83F4-C4D2E197A7F9}.Release|Any CPU.ActiveCfg = Release|Any CPU
		{B56A2E24-D95D-4125-83F4-C4D2E197A7F9}.Release|Any CPU.Build.0 = Release|Any CPU
	EndGlobalSection
	GlobalSection(SolutionProperties) = preSolution
		HideSolutionNode = FALSE
	EndGlobalSection
	GlobalSection(ExtensibilityGlobals) = postSolution
		SolutionGuid = {14112C3C-44AF-4C95-882E-DFF7F31CFDEB}
	EndGlobalSection
EndGlobal
